
Microsoft Visual Studio Solution File, Format Version 12.00
# Visual Studio 2012
Project("{FAE04EC0-301F-11D3-BF4B-00C04F79EFBC}") = "OddOrEvenNumber", "OddOrEvenNumber\OddOrEvenNumber.csproj", "{D9CA905E-97B8-4FA2-A434-134D986683E5}"
EndProject
Project("{FAE04EC0-301F-11D3-BF4B-00C04F79EFBC}") = "DevideNumberBySevenAndFive", "DevideNumberBy7And5\DevideNumberBySevenAndFive.csproj", "{A2939685-5D1A-464F-AB4E-350C5C729C16}"
EndProject
Project("{FAE04EC0-301F-11D3-BF4B-00C04F79EFBC}") = "CalculatesRectangle’sArea", "CalculatesRectangle’sArea\CalculatesRectangle’sArea.csproj", "{301B5E25-FE47-4160-A55A-0B768B09D1D5}"
EndProject
Project("{FAE04EC0-301F-11D3-BF4B-00C04F79EFBC}") = "IsThirdDigitSeven", "IsThirdDigitSeven\IsThirdDigitSeven.csproj", "{B49F7698-0C12-4215-AA41-8D30E3822B74}"
EndProject
Project("{FAE04EC0-301F-11D3-BF4B-00C04F79EFBC}") = "FindTheBit", "FindTheBit\FindTheBit.csproj", "{0D539D74-15F5-4F85-9EDC-9C876317870D}"
EndProject
Project("{FAE04EC0-301F-11D3-BF4B-00C04F79EFBC}") = "CalculateTheCircle", "CalculateTheCircle\CalculateTheCircle.csproj", "{23C36D39-9A4E-4126-9E24-26F1CB8A861A}"
EndProject
Project("{FAE04EC0-301F-11D3-BF4B-00C04F79EFBC}") = "IsNumberPrime", "IsNumberPrime\IsNumberPrime.csproj", "{A34A2A64-4E21-48B1-B20E-80579830C749}"
EndProject
Project("{FAE04EC0-301F-11D3-BF4B-00C04F79EFBC}") = "TrapezoidArea", "TrapezoidArea\TrapezoidArea.csproj", "{7970F82F-8BEF-4D1B-A6E8-7C043EA669AC}"
EndProject
Project("{FAE04EC0-301F-11D3-BF4B-00C04F79EFBC}") = "IsWithinTheCircle", "IsWithinTheCircle\IsWithinTheCircle.csproj", "{D17FB025-03D2-40A6-BDD0-B2C1A9B567F4}"
EndProject
Project("{FAE04EC0-301F-11D3-BF4B-00C04F79EFBC}") = "TheBitOfPositionP", "TheBitOfPositionP\TheBitOfPositionP.csproj", "{B537881F-2A0E-447C-8ADC-C8849CCCA0D6}"
EndProject
Project("{FAE04EC0-301F-11D3-BF4B-00C04F79EFBC}") = "ExtractsFromAGivenInteger", "ExtractsFromAGivenInteger\ExtractsFromAGivenInteger.csproj", "{4E9F130E-C2E1-4206-9482-04D867DFFF07}"
EndProject
Project("{FAE04EC0-301F-11D3-BF4B-00C04F79EFBC}") = "OperatorsThatModifiesN", "OperatorsThatModifiesN\OperatorsThatModifiesN.csproj", "{AFF7380F-5540-48A6-876E-7C5F7F702898}"
EndProject
Project("{FAE04EC0-301F-11D3-BF4B-00C04F79EFBC}") = "BitsToExchanges", "BitsToExchanges\BitsToExchanges.csproj", "{964A9744-D0D7-4D3D-9334-D2394F191BBA}"
EndProject
Global
	GlobalSection(SolutionConfigurationPlatforms) = preSolution
		Debug|Any CPU = Debug|Any CPU
		Release|Any CPU = Release|Any CPU
	EndGlobalSection
	GlobalSection(ProjectConfigurationPlatforms) = postSolution
		{D9CA905E-97B8-4FA2-A434-134D986683E5}.Debug|Any CPU.ActiveCfg = Debug|Any CPU
		{D9CA905E-97B8-4FA2-A434-134D986683E5}.Debug|Any CPU.Build.0 = Debug|Any CPU
		{D9CA905E-97B8-4FA2-A434-134D986683E5}.Release|Any CPU.ActiveCfg = Release|Any CPU
		{D9CA905E-97B8-4FA2-A434-134D986683E5}.Release|Any CPU.Build.0 = Release|Any CPU
		{A2939685-5D1A-464F-AB4E-350C5C729C16}.Debug|Any CPU.ActiveCfg = Debug|Any CPU
		{A2939685-5D1A-464F-AB4E-350C5C729C16}.Debug|Any CPU.Build.0 = Debug|Any CPU
		{A2939685-5D1A-464F-AB4E-350C5C729C16}.Release|Any CPU.ActiveCfg = Release|Any CPU
		{A2939685-5D1A-464F-AB4E-350C5C729C16}.Release|Any CPU.Build.0 = Release|Any CPU
		{301B5E25-FE47-4160-A55A-0B768B09D1D5}.Debug|Any CPU.ActiveCfg = Debug|Any CPU
		{301B5E25-FE47-4160-A55A-0B768B09D1D5}.Debug|Any CPU.Build.0 = Debug|Any CPU
		{301B5E25-FE47-4160-A55A-0B768B09D1D5}.Release|Any CPU.ActiveCfg = Release|Any CPU
		{301B5E25-FE47-4160-A55A-0B768B09D1D5}.Release|Any CPU.Build.0 = Release|Any CPU
		{B49F7698-0C12-4215-AA41-8D30E3822B74}.Debug|Any CPU.ActiveCfg = Debug|Any CPU
		{B49F7698-0C12-4215-AA41-8D30E3822B74}.Debug|Any CPU.Build.0 = Debug|Any CPU
		{B49F7698-0C12-4215-AA41-8D30E3822B74}.Release|Any CPU.ActiveCfg = Release|Any CPU
		{B49F7698-0C12-4215-AA41-8D30E3822B74}.Release|Any CPU.Build.0 = Release|Any CPU
		{0D539D74-15F5-4F85-9EDC-9C876317870D}.Debug|Any CPU.ActiveCfg = Debug|Any CPU
		{0D539D74-15F5-4F85-9EDC-9C876317870D}.Debug|Any CPU.Build.0 = Debug|Any CPU
		{0D539D74-15F5-4F85-9EDC-9C876317870D}.Release|Any CPU.ActiveCfg = Release|Any CPU
		{0D539D74-15F5-4F85-9EDC-9C876317870D}.Release|Any CPU.Build.0 = Release|Any CPU
		{23C36D39-9A4E-4126-9E24-26F1CB8A861A}.Debug|Any CPU.ActiveCfg = Debug|Any CPU
		{23C36D39-9A4E-4126-9E24-26F1CB8A861A}.Debug|Any CPU.Build.0 = Debug|Any CPU
		{23C36D39-9A4E-4126-9E24-26F1CB8A861A}.Release|Any CPU.ActiveCfg = Release|Any CPU
		{23C36D39-9A4E-4126-9E24-26F1CB8A861A}.Release|Any CPU.Build.0 = Release|Any CPU
		{A34A2A64-4E21-48B1-B20E-80579830C749}.Debug|Any CPU.ActiveCfg = Debug|Any CPU
		{A34A2A64-4E21-48B1-B20E-80579830C749}.Debug|Any CPU.Build.0 = Debug|Any CPU
		{A34A2A64-4E21-48B1-B20E-80579830C749}.Release|Any CPU.ActiveCfg = Release|Any CPU
		{A34A2A64-4E21-48B1-B20E-80579830C749}.Release|Any CPU.Build.0 = Release|Any CPU
		{7970F82F-8BEF-4D1B-A6E8-7C043EA669AC}.Debug|Any CPU.ActiveCfg = Debug|Any CPU
		{7970F82F-8BEF-4D1B-A6E8-7C043EA669AC}.Debug|Any CPU.Build.0 = Debug|Any CPU
		{7970F82F-8BEF-4D1B-A6E8-7C043EA669AC}.Release|Any CPU.ActiveCfg = Release|Any CPU
		{7970F82F-8BEF-4D1B-A6E8-7C043EA669AC}.Release|Any CPU.Build.0 = Release|Any CPU
		{D17FB025-03D2-40A6-BDD0-B2C1A9B567F4}.Debug|Any CPU.ActiveCfg = Debug|Any CPU
		{D17FB025-03D2-40A6-BDD0-B2C1A9B567F4}.Debug|Any CPU.Build.0 = Debug|Any CPU
		{D17FB025-03D2-40A6-BDD0-B2C1A9B567F4}.Release|Any CPU.ActiveCfg = Release|Any CPU
		{D17FB025-03D2-40A6-BDD0-B2C1A9B567F4}.Release|Any CPU.Build.0 = Release|Any CPU
		{B537881F-2A0E-447C-8ADC-C8849CCCA0D6}.Debug|Any CPU.ActiveCfg = Debug|Any CPU
		{B537881F-2A0E-447C-8ADC-C8849CCCA0D6}.Debug|Any CPU.Build.0 = Debug|Any CPU
		{B537881F-2A0E-447C-8ADC-C8849CCCA0D6}.Release|Any CPU.ActiveCfg = Release|Any CPU
		{B537881F-2A0E-447C-8ADC-C8849CCCA0D6}.Release|Any CPU.Build.0 = Release|Any CPU
		{4E9F130E-C2E1-4206-9482-04D867DFFF07}.Debug|Any CPU.ActiveCfg = Debug|Any CPU
		{4E9F130E-C2E1-4206-9482-04D867DFFF07}.Debug|Any CPU.Build.0 = Debug|Any CPU
		{4E9F130E-C2E1-4206-9482-04D867DFFF07}.Release|Any CPU.ActiveCfg = Release|Any CPU
		{4E9F130E-C2E1-4206-9482-04D867DFFF07}.Release|Any CPU.Build.0 = Release|Any CPU
		{AFF7380F-5540-48A6-876E-7C5F7F702898}.Debug|Any CPU.ActiveCfg = Debug|Any CPU
		{AFF7380F-5540-48A6-876E-7C5F7F702898}.Debug|Any CPU.Build.0 = Debug|Any CPU
		{AFF7380F-5540-48A6-876E-7C5F7F702898}.Release|Any CPU.ActiveCfg = Release|Any CPU
		{AFF7380F-5540-48A6-876E-7C5F7F702898}.Release|Any CPU.Build.0 = Release|Any CPU
		{964A9744-D0D7-4D3D-9334-D2394F191BBA}.Debug|Any CPU.ActiveCfg = Debug|Any CPU
		{964A9744-D0D7-4D3D-9334-D2394F191BBA}.Debug|Any CPU.Build.0 = Debug|Any CPU
		{964A9744-D0D7-4D3D-9334-D2394F191BBA}.Release|Any CPU.ActiveCfg = Release|Any CPU
		{964A9744-D0D7-4D3D-9334-D2394F191BBA}.Release|Any CPU.Build.0 = Release|Any CPU
	EndGlobalSection
	GlobalSection(SolutionProperties) = preSolution
		HideSolutionNode = FALSE
	EndGlobalSection
EndGlobal
